
Microsoft Visual Studio Solution File, Format Version 12.00
# Visual Studio 15
VisualStudioVersion = 15.0.28307.572
MinimumVisualStudioVersion = 10.0.40219.1
Project("{FAE04EC0-301F-11D3-BF4B-00C04F79EFBC}") = "ReadFromFileDemo", "ReadFromFileDemo\ReadFromFileDemo.csproj", "{EDA44859-B9FC-40C2-B19D-FB231E51E581}"
EndProject
Global
	GlobalSection(SolutionConfigurationPlatforms) = preSolution
		Debug|Any CPU = Debug|Any CPU
		Release|Any CPU = Release|Any CPU
	EndGlobalSection
	GlobalSection(ProjectConfigurationPlatforms) = postSolution
		{EDA44859-B9FC-40C2-B19D-FB231E51E581}.Debug|Any CPU.ActiveCfg = Debug|Any CPU
		{EDA44859-B9FC-40C2-B19D-FB231E51E581}.Debug|Any CPU.Build.0 = Debug|Any CPU
		{EDA44859-B9FC-40C2-B19D-FB231E51E581}.Release|Any CPU.ActiveCfg = Release|Any CPU
		{EDA44859-B9FC-40C2-B19D-FB231E51E581}.Release|Any CPU.Build.0 = Release|Any CPU
	EndGlobalSection
	GlobalSection(SolutionProperties) = preSolution
		HideSolutionNode = FALSE
	EndGlobalSection
	GlobalSection(ExtensibilityGlobals) = postSolution
		SolutionGuid = {ACB5FAF6-571B-4132-BA0B-C4179B20AFB7}
	EndGlobalSection
EndGlobal
